
Microsoft Visual Studio Solution File, Format Version 12.00
# Visual Studio Version 17
VisualStudioVersion = 17.5.002.0
MinimumVisualStudioVersion = 10.0.40219.1
Project("{9A19103F-16F7-4668-BE54-9A1E7A4F7556}") = "MaestroDetalleCRUD", "MaestroDetalleCRUD\MaestroDetalleCRUD.csproj", "{E48A4355-767B-47F7-8434-F9F3B4BAB64A}"
EndProject
Global
	GlobalSection(SolutionConfigurationPlatforms) = preSolution
		Debug|Any CPU = Debug|Any CPU
		Release|Any CPU = Release|Any CPU
	EndGlobalSection
	GlobalSection(ProjectConfigurationPlatforms) = postSolution
		{E48A4355-767B-47F7-8434-F9F3B4BAB64A}.Debug|Any CPU.ActiveCfg = Debug|Any CPU
		{E48A4355-767B-47F7-8434-F9F3B4BAB64A}.Debug|Any CPU.Build.0 = Debug|Any CPU
		{E48A4355-767B-47F7-8434-F9F3B4BAB64A}.Release|Any CPU.ActiveCfg = Release|Any CPU
		{E48A4355-767B-47F7-8434-F9F3B4BAB64A}.Release|Any CPU.Build.0 = Release|Any CPU
	EndGlobalSection
	GlobalSection(SolutionProperties) = preSolution
		HideSolutionNode = FALSE
	EndGlobalSection
	GlobalSection(ExtensibilityGlobals) = postSolution
		SolutionGuid = {D2FB5C56-B2CA-44DA-B31A-1486C15AEF16}
	EndGlobalSection
EndGlobal
